// !$*UTF8*$!
{
	archiveVersion = 1;
	classes = {
	};
	objectVersion = 55;
	objects = {

/* Begin PBXBuildFile section */
		871F370E27BC8ED80016FA36 /* AppDelegate.swift in Sources */ = {isa = PBXBuildFile; fileRef = 871F370D27BC8ED80016FA36 /* AppDelegate.swift */; };
		871F371027BC8ED80016FA36 /* SceneDelegate.swift in Sources */ = {isa = PBXBuildFile; fileRef = 871F370F27BC8ED80016FA36 /* SceneDelegate.swift */; };
		871F371227BC8ED80016FA36 /* ViewController.swift in Sources */ = {isa = PBXBuildFile; fileRef = 871F371127BC8ED80016FA36 /* ViewController.swift */; };
		871F371527BC8ED80016FA36 /* Main.storyboard in Resources */ = {isa = PBXBuildFile; fileRef = 871F371327BC8ED80016FA36 /* Main.storyboard */; };
		871F371727BC8EDA0016FA36 /* Assets.xcassets in Resources */ = {isa = PBXBuildFile; fileRef = 871F371627BC8EDA0016FA36 /* Assets.xcassets */; };
		871F371A27BC8EDA0016FA36 /* LaunchScreen.storyboard in Resources */ = {isa = PBXBuildFile; fileRef = 871F371827BC8EDA0016FA36 /* LaunchScreen.storyboard */; };
		871F372227BCA3DB0016FA36 /* DiaryCell.swift in Sources */ = {isa = PBXBuildFile; fileRef = 871F372127BCA3DB0016FA36 /* DiaryCell.swift */; };
		871F372427BCA41C0016FA36 /* StarViewController.swift in Sources */ = {isa = PBXBuildFile; fileRef = 871F372327BCA41C0016FA36 /* StarViewController.swift */; };
		871F372627BCA5180016FA36 /* StarCell.swift in Sources */ = {isa = PBXBuildFile; fileRef = 871F372527BCA5180016FA36 /* StarCell.swift */; };
		871F372827BCA7250016FA36 /* WriteDiaryViewController.swift in Sources */ = {isa = PBXBuildFile; fileRef = 871F372727BCA7250016FA36 /* WriteDiaryViewController.swift */; };
		871F372A27BCA7610016FA36 /* DiaryDetailViewController.swift in Sources */ = {isa = PBXBuildFile; fileRef = 871F372927BCA7610016FA36 /* DiaryDetailViewController.swift */; };
		871F372C27BCBEC90016FA36 /* Diary.swift in Sources */ = {isa = PBXBuildFile; fileRef = 871F372B27BCBEC90016FA36 /* Diary.swift */; };
/* End PBXBuildFile section */

/* Begin PBXFileReference section */
		871F370A27BC8ED80016FA36 /* MyDiary.app */ = {isa = PBXFileReference; explicitFileType = wrapper.application; includeInIndex = 0; path = MyDiary.app; sourceTree = BUILT_PRODUCTS_DIR; };
		871F370D27BC8ED80016FA36 /* AppDelegate.swift */ = {isa = PBXFileReference; lastKnownFileType = sourcecode.swift; path = AppDelegate.swift; sourceTree = "<group>"; };
		871F370F27BC8ED80016FA36 /* SceneDelegate.swift */ = {isa = PBXFileReference; lastKnownFileType = sourcecode.swift; path = SceneDelegate.swift; sourceTree = "<group>"; };
		871F371127BC8ED80016FA36 /* ViewController.swift */ = {isa = PBXFileReference; lastKnownFileType = sourcecode.swift; path = ViewController.swift; sourceTree = "<group>"; };
		871F371427BC8ED80016FA36 /* Base */ = {isa = PBXFileReference; lastKnownFileType = file.storyboard; name = Base; path = Base.lproj/Main.storyboard; sourceTree = "<group>"; };
		871F371627BC8EDA0016FA36 /* Assets.xcassets */ = {isa = PBXFileReference; lastKnownFileType = folder.assetcatalog; path = Assets.xcassets; sourceTree = "<group>"; };
		871F371927BC8EDA0016FA36 /* Base */ = {isa = PBXFileReference; lastKnownFileType = file.storyboard; name = Base; path = Base.lproj/LaunchScreen.storyboard; sourceTree = "<group>"; };
		871F371B27BC8EDA0016FA36 /* Info.plist */ = {isa = PBXFileReference; lastKnownFileType = text.plist.xml; path = Info.plist; sourceTree = "<group>"; };
		871F372127BCA3DB0016FA36 /* DiaryCell.swift */ = {isa = PBXFileReference; lastKnownFileType = sourcecode.swift; path = DiaryCell.swift; sourceTree = "<group>"; };
		871F372327BCA41C0016FA36 /* StarViewController.swift */ = {isa = PBXFileReference; lastKnownFileType = sourcecode.swift; path = StarViewController.swift; sourceTree = "<group>"; };
		871F372527BCA5180016FA36 /* StarCell.swift */ = {isa = PBXFileReference; lastKnownFileType = sourcecode.swift; path = StarCell.swift; sourceTree = "<group>"; };
		871F372727BCA7250016FA36 /* WriteDiaryViewController.swift */ = {isa = PBXFileReference; lastKnownFileType = sourcecode.swift; path = WriteDiaryViewController.swift; sourceTree = "<group>"; };
		871F372927BCA7610016FA36 /* DiaryDetailViewController.swift */ = {isa = PBXFileReference; lastKnownFileType = sourcecode.swift; path = DiaryDetailViewController.swift; sourceTree = "<group>"; };
		871F372B27BCBEC90016FA36 /* Diary.swift */ = {isa = PBXFileReference; lastKnownFileType = sourcecode.swift; path = Diary.swift; sourceTree = "<group>"; };
/* End PBXFileReference section */

/* Begin PBXFrameworksBuildPhase section */
		871F370727BC8ED80016FA36 /* Frameworks */ = {
			isa = PBXFrameworksBuildPhase;
			buildActionMask = 2147483647;
			files = (
			);
			runOnlyForDeploymentPostprocessing = 0;
		};
/* End PBXFrameworksBuildPhase section */

/* Begin PBXGroup section */
		871F370127BC8ED80016FA36 = {
			isa = PBXGroup;
			children = (
				871F370C27BC8ED80016FA36 /* MyDiary */,
				871F370B27BC8ED80016FA36 /* Products */,
			);
			sourceTree = "<group>";
		};
		871F370B27BC8ED80016FA36 /* Products */ = {
			isa = PBXGroup;
			children = (
				871F370A27BC8ED80016FA36 /* MyDiary.app */,
			);
			name = Products;
			sourceTree = "<group>";
		};
		871F370C27BC8ED80016FA36 /* MyDiary */ = {
			isa = PBXGroup;
			children = (
				871F370D27BC8ED80016FA36 /* AppDelegate.swift */,
				871F370F27BC8ED80016FA36 /* SceneDelegate.swift */,
				871F371127BC8ED80016FA36 /* ViewController.swift */,
				871F371327BC8ED80016FA36 /* Main.storyboard */,
				871F372927BCA7610016FA36 /* DiaryDetailViewController.swift */,
				871F372727BCA7250016FA36 /* WriteDiaryViewController.swift */,
				871F372B27BCBEC90016FA36 /* Diary.swift */,
				871F372527BCA5180016FA36 /* StarCell.swift */,
				871F372127BCA3DB0016FA36 /* DiaryCell.swift */,
				871F372327BCA41C0016FA36 /* StarViewController.swift */,
				871F371627BC8EDA0016FA36 /* Assets.xcassets */,
				871F371827BC8EDA0016FA36 /* LaunchScreen.storyboard */,
				871F371B27BC8EDA0016FA36 /* Info.plist */,
			);
			path = MyDiary;
			sourceTree = "<group>";
		};
/* End PBXGroup section */

/* Begin PBXNativeTarget section */
		871F370927BC8ED80016FA36 /* MyDiary */ = {
			isa = PBXNativeTarget;
			buildConfigurationList = 871F371E27BC8EDA0016FA36 /* Build configuration list for PBXNativeTarget "MyDiary" */;
			buildPhases = (
				871F370627BC8ED80016FA36 /* Sources */,
				871F370727BC8ED80016FA36 /* Frameworks */,
				871F370827BC8ED80016FA36 /* Resources */,
			);
			buildRules = (
			);
			dependencies = (
			);
			name = MyDiary;
			productName = MyDiary;
			productReference = 871F370A27BC8ED80016FA36 /* MyDiary.app */;
			productType = "com.apple.product-type.application";
		};
/* End PBXNativeTarget section */

/* Begin PBXProject section */
		871F370227BC8ED80016FA36 /* Project object */ = {
			isa = PBXProject;
			attributes = {
				BuildIndependentTargetsInParallel = 1;
				LastSwiftUpdateCheck = 1300;
				LastUpgradeCheck = 1300;
				TargetAttributes = {
					871F370927BC8ED80016FA36 = {
						CreatedOnToolsVersion = 13.0;
					};
				};
			};
			buildConfigurationList = 871F370527BC8ED80016FA36 /* Build configuration list for PBXProject "MyDiary" */;
			compatibilityVersion = "Xcode 13.0";
			developmentRegion = en;
			hasScannedForEncodings = 0;
			knownRegions = (
				en,
				Base,
			);
			mainGroup = 871F370127BC8ED80016FA36;
			productRefGroup = 871F370B27BC8ED80016FA36 /* Products */;
			projectDirPath = "";
			projectRoot = "";
			targets = (
				871F370927BC8ED80016FA36 /* MyDiary */,
			);
		};
/* End PBXProject section */

/* Begin PBXResourcesBuildPhase section */
		871F370827BC8ED80016FA36 /* Resources */ = {
			isa = PBXResourcesBuildPhase;
			buildActionMask = 2147483647;
			files = (
				871F371A27BC8EDA0016FA36 /* LaunchScreen.storyboard in Resources */,
				871F371727BC8EDA0016FA36 /* Assets.xcassets in Resources */,
				871F371527BC8ED80016FA36 /* Main.storyboard in Resources */,
			);
			runOnlyForDeploymentPostprocessing = 0;
		};
/* End PBXResourcesBuildPhase section */

/* Begin PBXSourcesBuildPhase section */
		871F370627BC8ED80016FA36 /* Sources */ = {
			isa = PBXSourcesBuildPhase;
			buildActionMask = 2147483647;
			files = (
				871F371227BC8ED80016FA36 /* ViewController.swift in Sources */,
				871F372827BCA7250016FA36 /* WriteDiaryViewController.swift in Sources */,
				871F372627BCA5180016FA36 /* StarCell.swift in Sources */,
				871F370E27BC8ED80016FA36 /* AppDelegate.swift in Sources */,
				871F371027BC8ED80016FA36 /* SceneDelegate.swift in Sources */,
				871F372C27BCBEC90016FA36 /* Diary.swift in Sources */,
				871F372A27BCA7610016FA36 /* DiaryDetailViewController.swift in Sources */,
				871F372227BCA3DB0016FA36 /* DiaryCell.swift in Sources */,
				871F372427BCA41C0016FA36 /* StarViewController.swift in Sources */,
			);
			runOnlyForDeploymentPostprocessing = 0;
		};
/* End PBXSourcesBuildPhase section */

/* Begin PBXVariantGroup section */
		871F371327BC8ED80016FA36 /* Main.storyboard */ = {
			isa = PBXVariantGroup;
			children = (
				871F371427BC8ED80016FA36 /* Base */,
			);
			name = Main.storyboard;
			sourceTree = "<group>";
		};
		871F371827BC8EDA0016FA36 /* LaunchScreen.storyboard */ = {
			isa = PBXVariantGroup;
			children = (
				871F371927BC8EDA0016FA36 /* Base */,
			);
			name = LaunchScreen.storyboard;
			sourceTree = "<group>";
		};
/* End PBXVariantGroup section */

/* Begin XCBuildConfiguration section */
		871F371C27BC8EDA0016FA36 /* Debug */ = {
			isa = XCBuildConfiguration;
			buildSettings = {
				ALWAYS_SEARCH_USER_PATHS = NO;
				CLANG_ANALYZER_NONNULL = YES;
				CLANG_ANALYZER_NUMBER_OBJECT_CONVERSION = YES_AGGRESSIVE;
				CLANG_CXX_LANGUAGE_STANDARD = "gnu++17";
				CLANG_CXX_LIBRARY = "libc++";
				CLANG_ENABLE_MODULES = YES;
				CLANG_ENABLE_OBJC_ARC = YES;
				CLANG_ENABLE_OBJC_WEAK = YES;
				CLANG_WARN_BLOCK_CAPTURE_AUTORELEASING = YES;
				CLANG_WARN_BOOL_CONVERSION = YES;
				CLANG_WARN_COMMA = YES;
				CLANG_WARN_CONSTANT_CONVERSION = YES;
				CLANG_WARN_DEPRECATED_OBJC_IMPLEMENTATIONS = YES;
				CLANG_WARN_DIRECT_OBJC_ISA_USAGE = YES_ERROR;
				CLANG_WARN_DOCUMENTATION_COMMENTS = YES;
				CLANG_WARN_EMPTY_BODY = YES;
				CLANG_WARN_ENUM_CONVERSION = YES;
				CLANG_WARN_INFINITE_RECURSION = YES;
				CLANG_WARN_INT_CONVERSION = YES;
				CLANG_WARN_NON_LITERAL_NULL_CONVERSION = YES;
				CLANG_WARN_OBJC_IMPLICIT_RETAIN_SELF = YES;
				CLANG_WARN_OBJC_LITERAL_CONVERSION = YES;
				CLANG_WARN_OBJC_ROOT_CLASS = YES_ERROR;
				CLANG_WARN_QUOTED_INCLUDE_IN_FRAMEWORK_HEADER = YES;
				CLANG_WARN_RANGE_LOOP_ANALYSIS = YES;
				CLANG_WARN_STRICT_PROTOTYPES = YES;
				CLANG_WARN_SUSPICIOUS_MOVE = YES;
				CLANG_WARN_UNGUARDED_AVAILABILITY = YES_AGGRESSIVE;
				CLANG_WARN_UNREACHABLE_CODE = YES;
				CLANG_WARN__DUPLICATE_METHOD_MATCH = YES;
				COPY_PHASE_STRIP = NO;
				DEBUG_INFORMATION_FORMAT = dwarf;
				ENABLE_STRICT_OBJC_MSGSEND = YES;
				ENABLE_TESTABILITY = YES;
				GCC_C_LANGUAGE_STANDARD = gnu11;
				GCC_DYNAMIC_NO_PIC = NO;
				GCC_NO_COMMON_BLOCKS = YES;
				GCC_OPTIMIZATION_LEVEL = 0;
				GCC_PREPROCESSOR_DEFINITIONS = (
					"DEBUG=1",
					"$(inherited)",
				);
				GCC_WARN_64_TO_32_BIT_CONVERSION = YES;
				GCC_WARN_ABOUT_RETURN_TYPE = YES_ERROR;
				GCC_WARN_UNDECLARED_SELECTOR = YES;
				GCC_WARN_UNINITIALIZED_AUTOS = YES_AGGRESSIVE;
				GCC_WARN_UNUSED_FUNCTION = YES;
				GCC_WARN_UNUSED_VARIABLE = YES;
				IPHONEOS_DEPLOYMENT_TARGET = 15.0;
				MTL_ENABLE_DEBUG_INFO = INCLUDE_SOURCE;
				MTL_FAST_MATH = YES;
				ONLY_ACTIVE_ARCH = YES;
				SDKROOT = iphoneos;
				SWIFT_ACTIVE_COMPILATION_CONDITIONS = DEBUG;
				SWIFT_OPTIMIZATION_LEVEL = "-Onone";
			};
			name = Debug;
		};
		871F371D27BC8EDA0016FA36 /* Release */ = {
			isa = XCBuildConfiguration;
			buildSettings = {
				ALWAYS_SEARCH_USER_PATHS = NO;
				CLANG_ANALYZER_NONNULL = YES;
				CLANG_ANALYZER_NUMBER_OBJECT_CONVERSION = YES_AGGRESSIVE;
				CLANG_CXX_LANGUAGE_STANDARD = "gnu++17";
				CLANG_CXX_LIBRARY = "libc++";
				CLANG_ENABLE_MODULES = YES;
				CLANG_ENABLE_OBJC_ARC = YES;
				CLANG_ENABLE_OBJC_WEAK = YES;
				CLANG_WARN_BLOCK_CAPTURE_AUTORELEASING = YES;
				CLANG_WARN_BOOL_CONVERSION = YES;
				CLANG_WARN_COMMA = YES;
				CLANG_WARN_CONSTANT_CONVERSION = YES;
				CLANG_WARN_DEPRECATED_OBJC_IMPLEMENTATIONS = YES;
				CLANG_WARN_DIRECT_OBJC_ISA_USAGE = YES_ERROR;
				CLANG_WARN_DOCUMENTATION_COMMENTS = YES;
				CLANG_WARN_EMPTY_BODY = YES;
				CLANG_WARN_ENUM_CONVERSION = YES;
				CLANG_WARN_INFINITE_RECURSION = YES;
				CLANG_WARN_INT_CONVERSION = YES;
				CLANG_WARN_NON_LITERAL_NULL_CONVERSION = YES;
				CLANG_WARN_OBJC_IMPLICIT_RETAIN_SELF = YES;
				CLANG_WARN_OBJC_LITERAL_CONVERSION = YES;
				CLANG_WARN_OBJC_ROOT_CLASS = YES_ERROR;
				CLANG_WARN_QUOTED_INCLUDE_IN_FRAMEWORK_HEADER = YES;
				CLANG_WARN_RANGE_LOOP_ANALYSIS = YES;
				CLANG_WARN_STRICT_PROTOTYPES = YES;
				CLANG_WARN_SUSPICIOUS_MOVE = YES;
				CLANG_WARN_UNGUARDED_AVAILABILITY = YES_AGGRESSIVE;
				CLANG_WARN_UNREACHABLE_CODE = YES;
				CLANG_WARN__DUPLICATE_METHOD_MATCH = YES;
				COPY_PHASE_STRIP = NO;
				DEBUG_INFORMATION_FORMAT = "dwarf-with-dsym";
				ENABLE_NS_ASSERTIONS = NO;
				ENABLE_STRICT_OBJC_MSGSEND = YES;
				GCC_C_LANGUAGE_STANDARD = gnu11;
				GCC_NO_COMMON_BLOCKS = YES;
				GCC_WARN_64_TO_32_BIT_CONVERSION = YES;
				GCC_WARN_ABOUT_RETURN_TYPE = YES_ERROR;
				GCC_WARN_UNDECLARED_SELECTOR = YES;
				GCC_WARN_UNINITIALIZED_AUTOS = YES_AGGRESSIVE;
				GCC_WARN_UNUSED_FUNCTION = YES;
				GCC_WARN_UNUSED_VARIABLE = YES;
				IPHONEOS_DEPLOYMENT_TARGET = 15.0;
				MTL_ENABLE_DEBUG_INFO = NO;
				MTL_FAST_MATH = YES;
				SDKROOT = iphoneos;
				SWIFT_COMPILATION_MODE = wholemodule;
				SWIFT_OPTIMIZATION_LEVEL = "-O";
				VALIDATE_PRODUCT = YES;
			};
			name = Release;
		};
		871F371F27BC8EDA0016FA36 /* Debug */ = {
			isa = XCBuildConfiguration;
			buildSettings = {
				ASSETCATALOG_COMPILER_APPICON_NAME = AppIcon;
				ASSETCATALOG_COMPILER_GLOBAL_ACCENT_COLOR_NAME = AccentColor;
				CODE_SIGN_STYLE = Automatic;
				CURRENT_PROJECT_VERSION = 1;
				DEVELOPMENT_TEAM = 8MKGM4RXJ3;
				GENERATE_INFOPLIST_FILE = YES;
				INFOPLIST_FILE = MyDiary/Info.plist;
				INFOPLIST_KEY_UIApplicationSupportsIndirectInputEvents = YES;
				INFOPLIST_KEY_UILaunchStoryboardName = LaunchScreen;
				INFOPLIST_KEY_UIMainStoryboardFile = Main;
				INFOPLIST_KEY_UISupportedInterfaceOrientations_iPad = "UIInterfaceOrientationPortrait UIInterfaceOrientationPortraitUpsideDown UIInterfaceOrientationLandscapeLeft UIInterfaceOrientationLandscapeRight";
				INFOPLIST_KEY_UISupportedInterfaceOrientations_iPhone = "UIInterfaceOrientationPortrait UIInterfaceOrientationLandscapeLeft UIInterfaceOrientationLandscapeRight";
				LD_RUNPATH_SEARCH_PATHS = (
					"$(inherited)",
					"@executable_path/Frameworks",
				);
				MARKETING_VERSION = 1.0;
				PRODUCT_BUNDLE_IDENTIFIER = com.MyDiary;
				PRODUCT_NAME = "$(TARGET_NAME)";
				SWIFT_EMIT_LOC_STRINGS = YES;
				SWIFT_VERSION = 5.0;
				TARGETED_DEVICE_FAMILY = "1,2";
			};
			name = Debug;
		};
		871F372027BC8EDA0016FA36 /* Release */ = {
			isa = XCBuildConfiguration;
			buildSettings = {
				ASSETCATALOG_COMPILER_APPICON_NAME = AppIcon;
				ASSETCATALOG_COMPILER_GLOBAL_ACCENT_COLOR_NAME = AccentColor;
				CODE_SIGN_STYLE = Automatic;
				CURRENT_PROJECT_VERSION = 1;
				DEVELOPMENT_TEAM = 8MKGM4RXJ3;
				GENERATE_INFOPLIST_FILE = YES;
				INFOPLIST_FILE = MyDiary/Info.plist;
				INFOPLIST_KEY_UIApplicationSupportsIndirectInputEvents = YES;
				INFOPLIST_KEY_UILaunchStoryboardName = LaunchScreen;
				INFOPLIST_KEY_UIMainStoryboardFile = Main;
				INFOPLIST_KEY_UISupportedInterfaceOrientations_iPad = "UIInterfaceOrientationPortrait UIInterfaceOrientationPortraitUpsideDown UIInterfaceOrientationLandscapeLeft UIInterfaceOrientationLandscapeRight";
				INFOPLIST_KEY_UISupportedInterfaceOrientations_iPhone = "UIInterfaceOrientationPortrait UIInterfaceOrientationLandscapeLeft UIInterfaceOrientationLandscapeRight";
				LD_RUNPATH_SEARCH_PATHS = (
					"$(inherited)",
					"@executable_path/Frameworks",
				);
				MARKETING_VERSION = 1.0;
				PRODUCT_BUNDLE_IDENTIFIER = com.MyDiary;
				PRODUCT_NAME = "$(TARGET_NAME)";
				SWIFT_EMIT_LOC_STRINGS = YES;
				SWIFT_VERSION = 5.0;
				TARGETED_DEVICE_FAMILY = "1,2";
			};
			name = Release;
		};
/* End XCBuildConfiguration section */

/* Begin XCConfigurationList section */
		871F370527BC8ED80016FA36 /* Build configuration list for PBXProject "MyDiary" */ = {
			isa = XCConfigurationList;
			buildConfigurations = (
				871F371C27BC8EDA0016FA36 /* Debug */,
				871F371D27BC8EDA0016FA36 /* Release */,
			);
			defaultConfigurationIsVisible = 0;
			defaultConfigurationName = Release;
		};
		871F371E27BC8EDA0016FA36 /* Build configuration list for PBXNativeTarget "MyDiary" */ = {
			isa = XCConfigurationList;
			buildConfigurations = (
				871F371F27BC8EDA0016FA36 /* Debug */,
				871F372027BC8EDA0016FA36 /* Release */,
			);
			defaultConfigurationIsVisible = 0;
			defaultConfigurationName = Release;
		};
/* End XCConfigurationList section */
	};
	rootObject = 871F370227BC8ED80016FA36 /* Project object */;
}
